
Microsoft Visual Studio Solution File, Format Version 12.00
# Visual Studio Version 17
VisualStudioVersion = 17.8.34322.80
MinimumVisualStudioVersion = 10.0.40219.1
Project("{2150E333-8FDC-42A3-9474-1A3956D46DE8}") = "src", "src", "{711FC814-176F-4008-80F4-12162BDD9639}"
EndProject
Project("{2150E333-8FDC-42A3-9474-1A3956D46DE8}") = "Solution Items", "Solution Items", "{434565D7-ED62-4344-AFA9-7D841ED464C5}"
	ProjectSection(SolutionItems) = preProject
		ServiceUrls.txt = ServiceUrls.txt
	EndProjectSection
EndProject
Project("{2150E333-8FDC-42A3-9474-1A3956D46DE8}") = "ApiGateways", "ApiGateways", "{0FFE5BC1-3370-4559-B42A-DCCDC18AD06B}"
EndProject
Project("{2150E333-8FDC-42A3-9474-1A3956D46DE8}") = "BuildingBlocks", "BuildingBlocks", "{A610AF54-8172-4437-9BEA-E28F954D7DD4}"
EndProject
Project("{2150E333-8FDC-42A3-9474-1A3956D46DE8}") = "Services", "Services", "{A6E15255-8CEB-4753-A709-3A19B248691E}"
EndProject
Project("{2150E333-8FDC-42A3-9474-1A3956D46DE8}") = "Clients", "Clients", "{58F64D19-08F1-40C8-A6F0-0A4800783382}"
EndProject
Project("{2150E333-8FDC-42A3-9474-1A3956D46DE8}") = "WebApiGateway", "WebApiGateway", "{B135EEE8-7AF0-4E76-8A2B-593679FD6E2F}"
EndProject
Project("{FAE04EC0-301F-11D3-BF4B-00C04F79EFBC}") = "Web.ApiGateway", "src\ApiGateways\WebApiGateway\Web.ApiGateway\Web.ApiGateway.csproj", "{C18A2357-9933-41FE-AF9D-570781766132}"
EndProject
Project("{2150E333-8FDC-42A3-9474-1A3956D46DE8}") = "EventBus", "EventBus", "{B0A142EC-8DBF-4832-BB16-0BEC12589934}"
EndProject
Project("{FAE04EC0-301F-11D3-BF4B-00C04F79EFBC}") = "EventBus.Base", "src\BuildingBlocks\EventBus\EventBus.Base\EventBus.Base.csproj", "{97FDA3F9-7CE0-43AE-B6FF-0C431CB693FD}"
EndProject
Project("{FAE04EC0-301F-11D3-BF4B-00C04F79EFBC}") = "EventBus.Factory", "src\BuildingBlocks\EventBus\EventBus.Factory\EventBus.Factory.csproj", "{E95409A7-E92F-41B8-BC05-6E34CA0C5E0D}"
EndProject
Project("{FAE04EC0-301F-11D3-BF4B-00C04F79EFBC}") = "EventBus.AzureServiceBus", "src\BuildingBlocks\EventBus\EventBus.AzureServiceBus\EventBus.AzureServiceBus.csproj", "{334E7C6B-ACDB-4574-87EB-2624213A6FEE}"
EndProject
Project("{FAE04EC0-301F-11D3-BF4B-00C04F79EFBC}") = "EventBus.RabbitMQ", "src\BuildingBlocks\EventBus\EventBus.RabbitMQ\EventBus.RabbitMQ.csproj", "{8C696FF7-2D8F-4F45-99F7-4EBE28128831}"
EndProject
Project("{2150E333-8FDC-42A3-9474-1A3956D46DE8}") = "BlazorWebApp", "BlazorWebApp", "{7B52CE35-5C4C-48C5-A36A-25397887525B}"
EndProject
Project("{2150E333-8FDC-42A3-9474-1A3956D46DE8}") = "BasketService", "BasketService", "{D758BFFC-CC54-4055-8A04-8A6647FD29C5}"
EndProject
Project("{FAE04EC0-301F-11D3-BF4B-00C04F79EFBC}") = "WebApp", "src\Clients\BlazorWebApp\WebApp\WebApp.csproj", "{E4638463-D568-428C-A9BF-948242085342}"
EndProject
Project("{FAE04EC0-301F-11D3-BF4B-00C04F79EFBC}") = "BasketService.Api", "src\Services\BasketService\BasketService.Api\BasketService.Api.csproj", "{7CBB763D-DE57-4C1C-AEE5-AE100A687472}"
EndProject
Project("{2150E333-8FDC-42A3-9474-1A3956D46DE8}") = "CatalogService", "CatalogService", "{132E761F-D5ED-4A97-A894-319E6EA32722}"
EndProject
Project("{FAE04EC0-301F-11D3-BF4B-00C04F79EFBC}") = "CatalogService.Api", "src\Services\CatalogService\CatalogService.Api\CatalogService.Api.csproj", "{0893C231-CB15-49F3-9B1F-2E59A0069F93}"
EndProject
Project("{2150E333-8FDC-42A3-9474-1A3956D46DE8}") = "IdentityService", "IdentityService", "{AB3BFA73-2923-4617-829D-FE666DC1BE88}"
EndProject
Project("{FAE04EC0-301F-11D3-BF4B-00C04F79EFBC}") = "IdentityService.Api", "src\Services\IdentityService\IdentityService.Api\IdentityService.Api.csproj", "{D467F1D0-C5AF-4513-840E-FF48CBDE7496}"
EndProject
Project("{2150E333-8FDC-42A3-9474-1A3956D46DE8}") = "NotificationService", "NotificationService", "{AA614D26-06D5-43F8-A5E7-CF0F2E3C28BB}"
EndProject
Project("{FAE04EC0-301F-11D3-BF4B-00C04F79EFBC}") = "NotificationService", "src\Services\NotificationService\NotificationService\NotificationService.csproj", "{E8135E9F-BC32-497C-B531-637C77116BB8}"
EndProject
Project("{2150E333-8FDC-42A3-9474-1A3956D46DE8}") = "OrderService", "OrderService", "{D0174023-02BF-4334-8B56-BE87C2F93AA7}"
EndProject
Project("{FAE04EC0-301F-11D3-BF4B-00C04F79EFBC}") = "OrderService.Domain", "src\Services\OrderService\OrderService.Domain\OrderService.Domain.csproj", "{A3FA7092-E07F-4A7E-9972-4CB94B4506DC}"
EndProject
Project("{FAE04EC0-301F-11D3-BF4B-00C04F79EFBC}") = "OrderService.Application", "src\Services\OrderService\OrderService.Application\OrderService.Application.csproj", "{B5F1E289-D7C0-4923-8420-1DA9D5799DFE}"
EndProject
Project("{FAE04EC0-301F-11D3-BF4B-00C04F79EFBC}") = "OrderService.Infrastructure", "src\Services\OrderService\OrderService.Infrastructure\OrderService.Infrastructure.csproj", "{FA29629E-84D8-4C3A-8A6D-FA8D2E31F49C}"
EndProject
Project("{FAE04EC0-301F-11D3-BF4B-00C04F79EFBC}") = "OrderService.Api", "src\Services\OrderService\OrderService.Api\OrderService.Api.csproj", "{243F763C-E255-4192-9F5E-CDE818041B6E}"
EndProject
Project("{2150E333-8FDC-42A3-9474-1A3956D46DE8}") = "PaymentService", "PaymentService", "{CADC569E-CE17-42C6-8547-C2A8C0D5DBBD}"
EndProject
Project("{FAE04EC0-301F-11D3-BF4B-00C04F79EFBC}") = "PaymentService.Api", "src\Services\PaymentService\PaymentService.Api\PaymentService.Api.csproj", "{A1445591-0883-4359-A128-062B00A2E037}"
EndProject
Global
	GlobalSection(SolutionConfigurationPlatforms) = preSolution
		Debug|Any CPU = Debug|Any CPU
		Release|Any CPU = Release|Any CPU
	EndGlobalSection
	GlobalSection(ProjectConfigurationPlatforms) = postSolution
		{C18A2357-9933-41FE-AF9D-570781766132}.Debug|Any CPU.ActiveCfg = Debug|Any CPU
		{C18A2357-9933-41FE-AF9D-570781766132}.Debug|Any CPU.Build.0 = Debug|Any CPU
		{C18A2357-9933-41FE-AF9D-570781766132}.Release|Any CPU.ActiveCfg = Release|Any CPU
		{C18A2357-9933-41FE-AF9D-570781766132}.Release|Any CPU.Build.0 = Release|Any CPU
		{97FDA3F9-7CE0-43AE-B6FF-0C431CB693FD}.Debug|Any CPU.ActiveCfg = Debug|Any CPU
		{97FDA3F9-7CE0-43AE-B6FF-0C431CB693FD}.Debug|Any CPU.Build.0 = Debug|Any CPU
		{97FDA3F9-7CE0-43AE-B6FF-0C431CB693FD}.Release|Any CPU.ActiveCfg = Release|Any CPU
		{97FDA3F9-7CE0-43AE-B6FF-0C431CB693FD}.Release|Any CPU.Build.0 = Release|Any CPU
		{E95409A7-E92F-41B8-BC05-6E34CA0C5E0D}.Debug|Any CPU.ActiveCfg = Debug|Any CPU
		{E95409A7-E92F-41B8-BC05-6E34CA0C5E0D}.Debug|Any CPU.Build.0 = Debug|Any CPU
		{E95409A7-E92F-41B8-BC05-6E34CA0C5E0D}.Release|Any CPU.ActiveCfg = Release|Any CPU
		{E95409A7-E92F-41B8-BC05-6E34CA0C5E0D}.Release|Any CPU.Build.0 = Release|Any CPU
		{334E7C6B-ACDB-4574-87EB-2624213A6FEE}.Debug|Any CPU.ActiveCfg = Debug|Any CPU
		{334E7C6B-ACDB-4574-87EB-2624213A6FEE}.Debug|Any CPU.Build.0 = Debug|Any CPU
		{334E7C6B-ACDB-4574-87EB-2624213A6FEE}.Release|Any CPU.ActiveCfg = Release|Any CPU
		{334E7C6B-ACDB-4574-87EB-2624213A6FEE}.Release|Any CPU.Build.0 = Release|Any CPU
		{8C696FF7-2D8F-4F45-99F7-4EBE28128831}.Debug|Any CPU.ActiveCfg = Debug|Any CPU
		{8C696FF7-2D8F-4F45-99F7-4EBE28128831}.Debug|Any CPU.Build.0 = Debug|Any CPU
		{8C696FF7-2D8F-4F45-99F7-4EBE28128831}.Release|Any CPU.ActiveCfg = Release|Any CPU
		{8C696FF7-2D8F-4F45-99F7-4EBE28128831}.Release|Any CPU.Build.0 = Release|Any CPU
		{E4638463-D568-428C-A9BF-948242085342}.Debug|Any CPU.ActiveCfg = Debug|Any CPU
		{E4638463-D568-428C-A9BF-948242085342}.Debug|Any CPU.Build.0 = Debug|Any CPU
		{E4638463-D568-428C-A9BF-948242085342}.Release|Any CPU.ActiveCfg = Release|Any CPU
		{E4638463-D568-428C-A9BF-948242085342}.Release|Any CPU.Build.0 = Release|Any CPU
		{7CBB763D-DE57-4C1C-AEE5-AE100A687472}.Debug|Any CPU.ActiveCfg = Debug|Any CPU
		{7CBB763D-DE57-4C1C-AEE5-AE100A687472}.Debug|Any CPU.Build.0 = Debug|Any CPU
		{7CBB763D-DE57-4C1C-AEE5-AE100A687472}.Release|Any CPU.ActiveCfg = Release|Any CPU
		{7CBB763D-DE57-4C1C-AEE5-AE100A687472}.Release|Any CPU.Build.0 = Release|Any CPU
		{0893C231-CB15-49F3-9B1F-2E59A0069F93}.Debug|Any CPU.ActiveCfg = Debug|Any CPU
		{0893C231-CB15-49F3-9B1F-2E59A0069F93}.Debug|Any CPU.Build.0 = Debug|Any CPU
		{0893C231-CB15-49F3-9B1F-2E59A0069F93}.Release|Any CPU.ActiveCfg = Release|Any CPU
		{0893C231-CB15-49F3-9B1F-2E59A0069F93}.Release|Any CPU.Build.0 = Release|Any CPU
		{D467F1D0-C5AF-4513-840E-FF48CBDE7496}.Debug|Any CPU.ActiveCfg = Debug|Any CPU
		{D467F1D0-C5AF-4513-840E-FF48CBDE7496}.Debug|Any CPU.Build.0 = Debug|Any CPU
		{D467F1D0-C5AF-4513-840E-FF48CBDE7496}.Release|Any CPU.ActiveCfg = Release|Any CPU
		{D467F1D0-C5AF-4513-840E-FF48CBDE7496}.Release|Any CPU.Build.0 = Release|Any CPU
		{E8135E9F-BC32-497C-B531-637C77116BB8}.Debug|Any CPU.ActiveCfg = Debug|Any CPU
		{E8135E9F-BC32-497C-B531-637C77116BB8}.Debug|Any CPU.Build.0 = Debug|Any CPU
		{E8135E9F-BC32-497C-B531-637C77116BB8}.Release|Any CPU.ActiveCfg = Release|Any CPU
		{E8135E9F-BC32-497C-B531-637C77116BB8}.Release|Any CPU.Build.0 = Release|Any CPU
		{A3FA7092-E07F-4A7E-9972-4CB94B4506DC}.Debug|Any CPU.ActiveCfg = Debug|Any CPU
		{A3FA7092-E07F-4A7E-9972-4CB94B4506DC}.Debug|Any CPU.Build.0 = Debug|Any CPU
		{A3FA7092-E07F-4A7E-9972-4CB94B4506DC}.Release|Any CPU.ActiveCfg = Release|Any CPU
		{A3FA7092-E07F-4A7E-9972-4CB94B4506DC}.Release|Any CPU.Build.0 = Release|Any CPU
		{B5F1E289-D7C0-4923-8420-1DA9D5799DFE}.Debug|Any CPU.ActiveCfg = Debug|Any CPU
		{B5F1E289-D7C0-4923-8420-1DA9D5799DFE}.Debug|Any CPU.Build.0 = Debug|Any CPU
		{B5F1E289-D7C0-4923-8420-1DA9D5799DFE}.Release|Any CPU.ActiveCfg = Release|Any CPU
		{B5F1E289-D7C0-4923-8420-1DA9D5799DFE}.Release|Any CPU.Build.0 = Release|Any CPU
		{FA29629E-84D8-4C3A-8A6D-FA8D2E31F49C}.Debug|Any CPU.ActiveCfg = Debug|Any CPU
		{FA29629E-84D8-4C3A-8A6D-FA8D2E31F49C}.Debug|Any CPU.Build.0 = Debug|Any CPU
		{FA29629E-84D8-4C3A-8A6D-FA8D2E31F49C}.Release|Any CPU.ActiveCfg = Release|Any CPU
		{FA29629E-84D8-4C3A-8A6D-FA8D2E31F49C}.Release|Any CPU.Build.0 = Release|Any CPU
		{243F763C-E255-4192-9F5E-CDE818041B6E}.Debug|Any CPU.ActiveCfg = Debug|Any CPU
		{243F763C-E255-4192-9F5E-CDE818041B6E}.Debug|Any CPU.Build.0 = Debug|Any CPU
		{243F763C-E255-4192-9F5E-CDE818041B6E}.Release|Any CPU.ActiveCfg = Release|Any CPU
		{243F763C-E255-4192-9F5E-CDE818041B6E}.Release|Any CPU.Build.0 = Release|Any CPU
		{A1445591-0883-4359-A128-062B00A2E037}.Debug|Any CPU.ActiveCfg = Debug|Any CPU
		{A1445591-0883-4359-A128-062B00A2E037}.Debug|Any CPU.Build.0 = Debug|Any CPU
		{A1445591-0883-4359-A128-062B00A2E037}.Release|Any CPU.ActiveCfg = Release|Any CPU
		{A1445591-0883-4359-A128-062B00A2E037}.Release|Any CPU.Build.0 = Release|Any CPU
	EndGlobalSection
	GlobalSection(SolutionProperties) = preSolution
		HideSolutionNode = FALSE
	EndGlobalSection
	GlobalSection(NestedProjects) = preSolution
		{0FFE5BC1-3370-4559-B42A-DCCDC18AD06B} = {711FC814-176F-4008-80F4-12162BDD9639}
		{A610AF54-8172-4437-9BEA-E28F954D7DD4} = {711FC814-176F-4008-80F4-12162BDD9639}
		{A6E15255-8CEB-4753-A709-3A19B248691E} = {711FC814-176F-4008-80F4-12162BDD9639}
		{58F64D19-08F1-40C8-A6F0-0A4800783382} = {711FC814-176F-4008-80F4-12162BDD9639}
		{B135EEE8-7AF0-4E76-8A2B-593679FD6E2F} = {0FFE5BC1-3370-4559-B42A-DCCDC18AD06B}
		{C18A2357-9933-41FE-AF9D-570781766132} = {B135EEE8-7AF0-4E76-8A2B-593679FD6E2F}
		{B0A142EC-8DBF-4832-BB16-0BEC12589934} = {A610AF54-8172-4437-9BEA-E28F954D7DD4}
		{97FDA3F9-7CE0-43AE-B6FF-0C431CB693FD} = {B0A142EC-8DBF-4832-BB16-0BEC12589934}
		{E95409A7-E92F-41B8-BC05-6E34CA0C5E0D} = {B0A142EC-8DBF-4832-BB16-0BEC12589934}
		{334E7C6B-ACDB-4574-87EB-2624213A6FEE} = {B0A142EC-8DBF-4832-BB16-0BEC12589934}
		{8C696FF7-2D8F-4F45-99F7-4EBE28128831} = {B0A142EC-8DBF-4832-BB16-0BEC12589934}
		{7B52CE35-5C4C-48C5-A36A-25397887525B} = {58F64D19-08F1-40C8-A6F0-0A4800783382}
		{D758BFFC-CC54-4055-8A04-8A6647FD29C5} = {A6E15255-8CEB-4753-A709-3A19B248691E}
		{E4638463-D568-428C-A9BF-948242085342} = {7B52CE35-5C4C-48C5-A36A-25397887525B}
		{7CBB763D-DE57-4C1C-AEE5-AE100A687472} = {D758BFFC-CC54-4055-8A04-8A6647FD29C5}
		{132E761F-D5ED-4A97-A894-319E6EA32722} = {A6E15255-8CEB-4753-A709-3A19B248691E}
		{0893C231-CB15-49F3-9B1F-2E59A0069F93} = {132E761F-D5ED-4A97-A894-319E6EA32722}
		{AB3BFA73-2923-4617-829D-FE666DC1BE88} = {A6E15255-8CEB-4753-A709-3A19B248691E}
		{D467F1D0-C5AF-4513-840E-FF48CBDE7496} = {AB3BFA73-2923-4617-829D-FE666DC1BE88}
		{AA614D26-06D5-43F8-A5E7-CF0F2E3C28BB} = {A6E15255-8CEB-4753-A709-3A19B248691E}
		{E8135E9F-BC32-497C-B531-637C77116BB8} = {AA614D26-06D5-43F8-A5E7-CF0F2E3C28BB}
		{D0174023-02BF-4334-8B56-BE87C2F93AA7} = {A6E15255-8CEB-4753-A709-3A19B248691E}
		{A3FA7092-E07F-4A7E-9972-4CB94B4506DC} = {D0174023-02BF-4334-8B56-BE87C2F93AA7}
		{B5F1E289-D7C0-4923-8420-1DA9D5799DFE} = {D0174023-02BF-4334-8B56-BE87C2F93AA7}
		{FA29629E-84D8-4C3A-8A6D-FA8D2E31F49C} = {D0174023-02BF-4334-8B56-BE87C2F93AA7}
		{243F763C-E255-4192-9F5E-CDE818041B6E} = {D0174023-02BF-4334-8B56-BE87C2F93AA7}
		{CADC569E-CE17-42C6-8547-C2A8C0D5DBBD} = {A6E15255-8CEB-4753-A709-3A19B248691E}
		{A1445591-0883-4359-A128-062B00A2E037} = {CADC569E-CE17-42C6-8547-C2A8C0D5DBBD}
	EndGlobalSection
	GlobalSection(ExtensibilityGlobals) = postSolution
		SolutionGuid = {1F8856A5-0728-40E8-874D-06824A7FA6DD}
	EndGlobalSection
EndGlobal
